
Microsoft Visual Studio Solution File, Format Version 12.00
# Visual Studio Version 16
VisualStudioVersion = 16.0.31624.102
MinimumVisualStudioVersion = 10.0.40219.1
Project("{9A19103F-16F7-4668-BE54-9A1E7A4F7556}") = "FlyWithUs.Hosted.Service", "FlyWithUs\FlyWithUs.Hosted.Service.csproj", "{7213A3F6-D483-4002-BDF5-5E34A4551456}"
EndProject
Global
	GlobalSection(SolutionConfigurationPlatforms) = preSolution
		Debug|Any CPU = Debug|Any CPU
		Release|Any CPU = Release|Any CPU
	EndGlobalSection
	GlobalSection(ProjectConfigurationPlatforms) = postSolution
		{7213A3F6-D483-4002-BDF5-5E34A4551456}.Debug|Any CPU.ActiveCfg = Debug|Any CPU
		{7213A3F6-D483-4002-BDF5-5E34A4551456}.Debug|Any CPU.Build.0 = Debug|Any CPU
		{7213A3F6-D483-4002-BDF5-5E34A4551456}.Release|Any CPU.ActiveCfg = Release|Any CPU
		{7213A3F6-D483-4002-BDF5-5E34A4551456}.Release|Any CPU.Build.0 = Release|Any CPU
	EndGlobalSection
	GlobalSection(SolutionProperties) = preSolution
		HideSolutionNode = FALSE
	EndGlobalSection
	GlobalSection(ExtensibilityGlobals) = postSolution
		SolutionGuid = {98503DBB-D4C5-4441-8C76-2FFC34FA6706}
	EndGlobalSection
EndGlobal
